
Microsoft Visual Studio Solution File, Format Version 12.00
# Visual Studio Version 17
VisualStudioVersion = 17.3.32825.248
MinimumVisualStudioVersion = 10.0.40219.1
Project("{FAE04EC0-301F-11D3-BF4B-00C04F79EFBC}") = "lista2.ex3", "lista2.ex3\lista2.ex3.csproj", "{FCAE437E-3238-4CC8-9AFC-853AB2318629}"
EndProject
Global
	GlobalSection(SolutionConfigurationPlatforms) = preSolution
		Debug|Any CPU = Debug|Any CPU
		Release|Any CPU = Release|Any CPU
	EndGlobalSection
	GlobalSection(ProjectConfigurationPlatforms) = postSolution
		{FCAE437E-3238-4CC8-9AFC-853AB2318629}.Debug|Any CPU.ActiveCfg = Debug|Any CPU
		{FCAE437E-3238-4CC8-9AFC-853AB2318629}.Debug|Any CPU.Build.0 = Debug|Any CPU
		{FCAE437E-3238-4CC8-9AFC-853AB2318629}.Release|Any CPU.ActiveCfg = Release|Any CPU
		{FCAE437E-3238-4CC8-9AFC-853AB2318629}.Release|Any CPU.Build.0 = Release|Any CPU
	EndGlobalSection
	GlobalSection(SolutionProperties) = preSolution
		HideSolutionNode = FALSE
	EndGlobalSection
	GlobalSection(ExtensibilityGlobals) = postSolution
		SolutionGuid = {E89C2217-EDFF-453C-9C05-0FABA818D7A3}
	EndGlobalSection
EndGlobal
