
Microsoft Visual Studio Solution File, Format Version 12.00
# Visual Studio Version 17
VisualStudioVersion = 17.3.32825.248
MinimumVisualStudioVersion = 10.0.40219.1
Project("{FAE04EC0-301F-11D3-BF4B-00C04F79EFBC}") = "lista2.ex1", "ConsoleApp1\lista2.ex1.csproj", "{B16DDD52-7E34-4A74-A25C-D6D189232B72}"
EndProject
Global
	GlobalSection(SolutionConfigurationPlatforms) = preSolution
		Debug|Any CPU = Debug|Any CPU
		Release|Any CPU = Release|Any CPU
	EndGlobalSection
	GlobalSection(ProjectConfigurationPlatforms) = postSolution
		{B16DDD52-7E34-4A74-A25C-D6D189232B72}.Debug|Any CPU.ActiveCfg = Debug|Any CPU
		{B16DDD52-7E34-4A74-A25C-D6D189232B72}.Debug|Any CPU.Build.0 = Debug|Any CPU
		{B16DDD52-7E34-4A74-A25C-D6D189232B72}.Release|Any CPU.ActiveCfg = Release|Any CPU
		{B16DDD52-7E34-4A74-A25C-D6D189232B72}.Release|Any CPU.Build.0 = Release|Any CPU
	EndGlobalSection
	GlobalSection(SolutionProperties) = preSolution
		HideSolutionNode = FALSE
	EndGlobalSection
	GlobalSection(ExtensibilityGlobals) = postSolution
		SolutionGuid = {D13661CA-80D8-40B5-99B4-523EAFFFDCCC}
	EndGlobalSection
EndGlobal
